// !$*UTF8*$!
{
	archiveVersion = 1;
	classes = {
	};
	objectVersion = 56;
	objects = {

/* Begin PBXBuildFile section */
		D8BD0FB02989A68B00AA5EA4 /* AppDelegate.swift in Sources */ = {isa = PBXBuildFile; fileRef = D8BD0FAF2989A68B00AA5EA4 /* AppDelegate.swift */; };
		D8BD0FB22989A68B00AA5EA4 /* SceneDelegate.swift in Sources */ = {isa = PBXBuildFile; fileRef = D8BD0FB12989A68B00AA5EA4 /* SceneDelegate.swift */; };
		D8BD0FB72989A68B00AA5EA4 /* Main.storyboard in Resources */ = {isa = PBXBuildFile; fileRef = D8BD0FB52989A68B00AA5EA4 /* Main.storyboard */; };
		D8BD0FB92989A68D00AA5EA4 /* Assets.xcassets in Resources */ = {isa = PBXBuildFile; fileRef = D8BD0FB82989A68D00AA5EA4 /* Assets.xcassets */; };
		D8BD0FBC2989A68D00AA5EA4 /* LaunchScreen.storyboard in Resources */ = {isa = PBXBuildFile; fileRef = D8BD0FBA2989A68D00AA5EA4 /* LaunchScreen.storyboard */; };
		D8BD0FCB2989A94F00AA5EA4 /* Entry.swift in Sources */ = {isa = PBXBuildFile; fileRef = D8BD0FCA2989A94F00AA5EA4 /* Entry.swift */; };
		D8BD0FD12989B84700AA5EA4 /* EntryController.swift in Sources */ = {isa = PBXBuildFile; fileRef = D8BD0FD02989B84700AA5EA4 /* EntryController.swift */; };
		D8BD0FD62989C53700AA5EA4 /* EntryError.swift in Sources */ = {isa = PBXBuildFile; fileRef = D8BD0FD52989C53700AA5EA4 /* EntryError.swift */; };
		D8BD0FD8298A248300AA5EA4 /* EntryListTableViewController.swift in Sources */ = {isa = PBXBuildFile; fileRef = D8BD0FD7298A248300AA5EA4 /* EntryListTableViewController.swift */; };
		D8BD0FDA298A2A2700AA5EA4 /* DateExtension.swift in Sources */ = {isa = PBXBuildFile; fileRef = D8BD0FD9298A2A2700AA5EA4 /* DateExtension.swift */; };
		D8BD0FDC298A2E8B00AA5EA4 /* EntryDetailViewController.swift in Sources */ = {isa = PBXBuildFile; fileRef = D8BD0FDB298A2E8B00AA5EA4 /* EntryDetailViewController.swift */; };
/* End PBXBuildFile section */

/* Begin PBXFileReference section */
		D8BD0FAC2989A68B00AA5EA4 /* Journal - CloudKit.app */ = {isa = PBXFileReference; explicitFileType = wrapper.application; includeInIndex = 0; path = "Journal - CloudKit.app"; sourceTree = BUILT_PRODUCTS_DIR; };
		D8BD0FAF2989A68B00AA5EA4 /* AppDelegate.swift */ = {isa = PBXFileReference; lastKnownFileType = sourcecode.swift; path = AppDelegate.swift; sourceTree = "<group>"; };
		D8BD0FB12989A68B00AA5EA4 /* SceneDelegate.swift */ = {isa = PBXFileReference; lastKnownFileType = sourcecode.swift; path = SceneDelegate.swift; sourceTree = "<group>"; };
		D8BD0FB62989A68B00AA5EA4 /* Base */ = {isa = PBXFileReference; lastKnownFileType = file.storyboard; name = Base; path = Base.lproj/Main.storyboard; sourceTree = "<group>"; };
		D8BD0FB82989A68D00AA5EA4 /* Assets.xcassets */ = {isa = PBXFileReference; lastKnownFileType = folder.assetcatalog; path = Assets.xcassets; sourceTree = "<group>"; };
		D8BD0FBB2989A68D00AA5EA4 /* Base */ = {isa = PBXFileReference; lastKnownFileType = file.storyboard; name = Base; path = Base.lproj/LaunchScreen.storyboard; sourceTree = "<group>"; };
		D8BD0FBD2989A68D00AA5EA4 /* Info.plist */ = {isa = PBXFileReference; lastKnownFileType = text.plist.xml; path = Info.plist; sourceTree = "<group>"; };
		D8BD0FCA2989A94F00AA5EA4 /* Entry.swift */ = {isa = PBXFileReference; lastKnownFileType = sourcecode.swift; path = Entry.swift; sourceTree = "<group>"; };
		D8BD0FD02989B84700AA5EA4 /* EntryController.swift */ = {isa = PBXFileReference; lastKnownFileType = sourcecode.swift; path = EntryController.swift; sourceTree = "<group>"; };
		D8BD0FD22989B9EB00AA5EA4 /* Journal - CloudKit.entitlements */ = {isa = PBXFileReference; lastKnownFileType = text.plist.entitlements; path = "Journal - CloudKit.entitlements"; sourceTree = "<group>"; };
		D8BD0FD52989C53700AA5EA4 /* EntryError.swift */ = {isa = PBXFileReference; lastKnownFileType = sourcecode.swift; path = EntryError.swift; sourceTree = "<group>"; };
		D8BD0FD7298A248300AA5EA4 /* EntryListTableViewController.swift */ = {isa = PBXFileReference; lastKnownFileType = sourcecode.swift; path = EntryListTableViewController.swift; sourceTree = "<group>"; };
		D8BD0FD9298A2A2700AA5EA4 /* DateExtension.swift */ = {isa = PBXFileReference; lastKnownFileType = sourcecode.swift; path = DateExtension.swift; sourceTree = "<group>"; };
		D8BD0FDB298A2E8B00AA5EA4 /* EntryDetailViewController.swift */ = {isa = PBXFileReference; lastKnownFileType = sourcecode.swift; path = EntryDetailViewController.swift; sourceTree = "<group>"; };
/* End PBXFileReference section */

/* Begin PBXFrameworksBuildPhase section */
		D8BD0FA92989A68B00AA5EA4 /* Frameworks */ = {
			isa = PBXFrameworksBuildPhase;
			buildActionMask = 2147483647;
			files = (
			);
			runOnlyForDeploymentPostprocessing = 0;
		};
/* End PBXFrameworksBuildPhase section */

/* Begin PBXGroup section */
		D8BD0FA32989A68B00AA5EA4 = {
			isa = PBXGroup;
			children = (
				D8BD0FAE2989A68B00AA5EA4 /* Journal - CloudKit */,
				D8BD0FAD2989A68B00AA5EA4 /* Products */,
			);
			sourceTree = "<group>";
		};
		D8BD0FAD2989A68B00AA5EA4 /* Products */ = {
			isa = PBXGroup;
			children = (
				D8BD0FAC2989A68B00AA5EA4 /* Journal - CloudKit.app */,
			);
			name = Products;
			sourceTree = "<group>";
		};
		D8BD0FAE2989A68B00AA5EA4 /* Journal - CloudKit */ = {
			isa = PBXGroup;
			children = (
				D8BD0FD22989B9EB00AA5EA4 /* Journal - CloudKit.entitlements */,
				D8BD0FC62989A8B700AA5EA4 /* Model */,
				D8BD0FC52989A8B000AA5EA4 /* Controllers */,
				D8BD0FC42989A89D00AA5EA4 /* Storyboard */,
				D8BD0FC32989A87800AA5EA4 /* Resources */,
			);
			path = "Journal - CloudKit";
			sourceTree = "<group>";
		};
		D8BD0FC32989A87800AA5EA4 /* Resources */ = {
			isa = PBXGroup;
			children = (
				D8BD0FAF2989A68B00AA5EA4 /* AppDelegate.swift */,
				D8BD0FB12989A68B00AA5EA4 /* SceneDelegate.swift */,
				D8BD0FB82989A68D00AA5EA4 /* Assets.xcassets */,
				D8BD0FBD2989A68D00AA5EA4 /* Info.plist */,
			);
			path = Resources;
			sourceTree = "<group>";
		};
		D8BD0FC42989A89D00AA5EA4 /* Storyboard */ = {
			isa = PBXGroup;
			children = (
				D8BD0FB52989A68B00AA5EA4 /* Main.storyboard */,
				D8BD0FBA2989A68D00AA5EA4 /* LaunchScreen.storyboard */,
			);
			path = Storyboard;
			sourceTree = "<group>";
		};
		D8BD0FC52989A8B000AA5EA4 /* Controllers */ = {
			isa = PBXGroup;
			children = (
				D8BD0FD32989C51500AA5EA4 /* Helpers+Extensions */,
				D8BD0FC72989A8BD00AA5EA4 /* Model Controllers */,
				D8BD0FC82989A8C700AA5EA4 /* View Controllers */,
			);
			path = Controllers;
			sourceTree = "<group>";
		};
		D8BD0FC62989A8B700AA5EA4 /* Model */ = {
			isa = PBXGroup;
			children = (
				D8BD0FCA2989A94F00AA5EA4 /* Entry.swift */,
			);
			path = Model;
			sourceTree = "<group>";
		};
		D8BD0FC72989A8BD00AA5EA4 /* Model Controllers */ = {
			isa = PBXGroup;
			children = (
				D8BD0FD02989B84700AA5EA4 /* EntryController.swift */,
			);
			path = "Model Controllers";
			sourceTree = "<group>";
		};
		D8BD0FC82989A8C700AA5EA4 /* View Controllers */ = {
			isa = PBXGroup;
			children = (
				D8BD0FD7298A248300AA5EA4 /* EntryListTableViewController.swift */,
				D8BD0FDB298A2E8B00AA5EA4 /* EntryDetailViewController.swift */,
			);
			path = "View Controllers";
			sourceTree = "<group>";
		};
		D8BD0FD32989C51500AA5EA4 /* Helpers+Extensions */ = {
			isa = PBXGroup;
			children = (
				D8BD0FD52989C53700AA5EA4 /* EntryError.swift */,
				D8BD0FD9298A2A2700AA5EA4 /* DateExtension.swift */,
			);
			path = "Helpers+Extensions";
			sourceTree = "<group>";
		};
/* End PBXGroup section */

/* Begin PBXNativeTarget section */
		D8BD0FAB2989A68B00AA5EA4 /* Journal - CloudKit */ = {
			isa = PBXNativeTarget;
			buildConfigurationList = D8BD0FC02989A68D00AA5EA4 /* Build configuration list for PBXNativeTarget "Journal - CloudKit" */;
			buildPhases = (
				D8BD0FA82989A68B00AA5EA4 /* Sources */,
				D8BD0FA92989A68B00AA5EA4 /* Frameworks */,
				D8BD0FAA2989A68B00AA5EA4 /* Resources */,
			);
			buildRules = (
			);
			dependencies = (
			);
			name = "Journal - CloudKit";
			productName = "Journal - CloudKit";
			productReference = D8BD0FAC2989A68B00AA5EA4 /* Journal - CloudKit.app */;
			productType = "com.apple.product-type.application";
		};
/* End PBXNativeTarget section */

/* Begin PBXProject section */
		D8BD0FA42989A68B00AA5EA4 /* Project object */ = {
			isa = PBXProject;
			attributes = {
				BuildIndependentTargetsInParallel = 1;
				LastSwiftUpdateCheck = 1420;
				LastUpgradeCheck = 1420;
				TargetAttributes = {
					D8BD0FAB2989A68B00AA5EA4 = {
						CreatedOnToolsVersion = 14.2;
					};
				};
			};
			buildConfigurationList = D8BD0FA72989A68B00AA5EA4 /* Build configuration list for PBXProject "Journal - CloudKit" */;
			compatibilityVersion = "Xcode 14.0";
			developmentRegion = en;
			hasScannedForEncodings = 0;
			knownRegions = (
				en,
				Base,
			);
			mainGroup = D8BD0FA32989A68B00AA5EA4;
			productRefGroup = D8BD0FAD2989A68B00AA5EA4 /* Products */;
			projectDirPath = "";
			projectRoot = "";
			targets = (
				D8BD0FAB2989A68B00AA5EA4 /* Journal - CloudKit */,
			);
		};
/* End PBXProject section */

/* Begin PBXResourcesBuildPhase section */
		D8BD0FAA2989A68B00AA5EA4 /* Resources */ = {
			isa = PBXResourcesBuildPhase;
			buildActionMask = 2147483647;
			files = (
				D8BD0FBC2989A68D00AA5EA4 /* LaunchScreen.storyboard in Resources */,
				D8BD0FB92989A68D00AA5EA4 /* Assets.xcassets in Resources */,
				D8BD0FB72989A68B00AA5EA4 /* Main.storyboard in Resources */,
			);
			runOnlyForDeploymentPostprocessing = 0;
		};
/* End PBXResourcesBuildPhase section */

/* Begin PBXSourcesBuildPhase section */
		D8BD0FA82989A68B00AA5EA4 /* Sources */ = {
			isa = PBXSourcesBuildPhase;
			buildActionMask = 2147483647;
			files = (
				D8BD0FCB2989A94F00AA5EA4 /* Entry.swift in Sources */,
				D8BD0FDA298A2A2700AA5EA4 /* DateExtension.swift in Sources */,
				D8BD0FD62989C53700AA5EA4 /* EntryError.swift in Sources */,
				D8BD0FD8298A248300AA5EA4 /* EntryListTableViewController.swift in Sources */,
				D8BD0FB02989A68B00AA5EA4 /* AppDelegate.swift in Sources */,
				D8BD0FD12989B84700AA5EA4 /* EntryController.swift in Sources */,
				D8BD0FDC298A2E8B00AA5EA4 /* EntryDetailViewController.swift in Sources */,
				D8BD0FB22989A68B00AA5EA4 /* SceneDelegate.swift in Sources */,
			);
			runOnlyForDeploymentPostprocessing = 0;
		};
/* End PBXSourcesBuildPhase section */

/* Begin PBXVariantGroup section */
		D8BD0FB52989A68B00AA5EA4 /* Main.storyboard */ = {
			isa = PBXVariantGroup;
			children = (
				D8BD0FB62989A68B00AA5EA4 /* Base */,
			);
			name = Main.storyboard;
			sourceTree = "<group>";
		};
		D8BD0FBA2989A68D00AA5EA4 /* LaunchScreen.storyboard */ = {
			isa = PBXVariantGroup;
			children = (
				D8BD0FBB2989A68D00AA5EA4 /* Base */,
			);
			name = LaunchScreen.storyboard;
			sourceTree = "<group>";
		};
/* End PBXVariantGroup section */

/* Begin XCBuildConfiguration section */
		D8BD0FBE2989A68D00AA5EA4 /* Debug */ = {
			isa = XCBuildConfiguration;
			buildSettings = {
				ALWAYS_SEARCH_USER_PATHS = NO;
				CLANG_ANALYZER_NONNULL = YES;
				CLANG_ANALYZER_NUMBER_OBJECT_CONVERSION = YES_AGGRESSIVE;
				CLANG_CXX_LANGUAGE_STANDARD = "gnu++20";
				CLANG_ENABLE_MODULES = YES;
				CLANG_ENABLE_OBJC_ARC = YES;
				CLANG_ENABLE_OBJC_WEAK = YES;
				CLANG_WARN_BLOCK_CAPTURE_AUTORELEASING = YES;
				CLANG_WARN_BOOL_CONVERSION = YES;
				CLANG_WARN_COMMA = YES;
				CLANG_WARN_CONSTANT_CONVERSION = YES;
				CLANG_WARN_DEPRECATED_OBJC_IMPLEMENTATIONS = YES;
				CLANG_WARN_DIRECT_OBJC_ISA_USAGE = YES_ERROR;
				CLANG_WARN_DOCUMENTATION_COMMENTS = YES;
				CLANG_WARN_EMPTY_BODY = YES;
				CLANG_WARN_ENUM_CONVERSION = YES;
				CLANG_WARN_INFINITE_RECURSION = YES;
				CLANG_WARN_INT_CONVERSION = YES;
				CLANG_WARN_NON_LITERAL_NULL_CONVERSION = YES;
				CLANG_WARN_OBJC_IMPLICIT_RETAIN_SELF = YES;
				CLANG_WARN_OBJC_LITERAL_CONVERSION = YES;
				CLANG_WARN_OBJC_ROOT_CLASS = YES_ERROR;
				CLANG_WARN_QUOTED_INCLUDE_IN_FRAMEWORK_HEADER = YES;
				CLANG_WARN_RANGE_LOOP_ANALYSIS = YES;
				CLANG_WARN_STRICT_PROTOTYPES = YES;
				CLANG_WARN_SUSPICIOUS_MOVE = YES;
				CLANG_WARN_UNGUARDED_AVAILABILITY = YES_AGGRESSIVE;
				CLANG_WARN_UNREACHABLE_CODE = YES;
				CLANG_WARN__DUPLICATE_METHOD_MATCH = YES;
				COPY_PHASE_STRIP = NO;
				DEBUG_INFORMATION_FORMAT = dwarf;
				ENABLE_STRICT_OBJC_MSGSEND = YES;
				ENABLE_TESTABILITY = YES;
				GCC_C_LANGUAGE_STANDARD = gnu11;
				GCC_DYNAMIC_NO_PIC = NO;
				GCC_NO_COMMON_BLOCKS = YES;
				GCC_OPTIMIZATION_LEVEL = 0;
				GCC_PREPROCESSOR_DEFINITIONS = (
					"DEBUG=1",
					"$(inherited)",
				);
				GCC_WARN_64_TO_32_BIT_CONVERSION = YES;
				GCC_WARN_ABOUT_RETURN_TYPE = YES_ERROR;
				GCC_WARN_UNDECLARED_SELECTOR = YES;
				GCC_WARN_UNINITIALIZED_AUTOS = YES_AGGRESSIVE;
				GCC_WARN_UNUSED_FUNCTION = YES;
				GCC_WARN_UNUSED_VARIABLE = YES;
				IPHONEOS_DEPLOYMENT_TARGET = 16.2;
				MTL_ENABLE_DEBUG_INFO = INCLUDE_SOURCE;
				MTL_FAST_MATH = YES;
				ONLY_ACTIVE_ARCH = YES;
				SDKROOT = iphoneos;
				SWIFT_ACTIVE_COMPILATION_CONDITIONS = DEBUG;
				SWIFT_OPTIMIZATION_LEVEL = "-Onone";
			};
			name = Debug;
		};
		D8BD0FBF2989A68D00AA5EA4 /* Release */ = {
			isa = XCBuildConfiguration;
			buildSettings = {
				ALWAYS_SEARCH_USER_PATHS = NO;
				CLANG_ANALYZER_NONNULL = YES;
				CLANG_ANALYZER_NUMBER_OBJECT_CONVERSION = YES_AGGRESSIVE;
				CLANG_CXX_LANGUAGE_STANDARD = "gnu++20";
				CLANG_ENABLE_MODULES = YES;
				CLANG_ENABLE_OBJC_ARC = YES;
				CLANG_ENABLE_OBJC_WEAK = YES;
				CLANG_WARN_BLOCK_CAPTURE_AUTORELEASING = YES;
				CLANG_WARN_BOOL_CONVERSION = YES;
				CLANG_WARN_COMMA = YES;
				CLANG_WARN_CONSTANT_CONVERSION = YES;
				CLANG_WARN_DEPRECATED_OBJC_IMPLEMENTATIONS = YES;
				CLANG_WARN_DIRECT_OBJC_ISA_USAGE = YES_ERROR;
				CLANG_WARN_DOCUMENTATION_COMMENTS = YES;
				CLANG_WARN_EMPTY_BODY = YES;
				CLANG_WARN_ENUM_CONVERSION = YES;
				CLANG_WARN_INFINITE_RECURSION = YES;
				CLANG_WARN_INT_CONVERSION = YES;
				CLANG_WARN_NON_LITERAL_NULL_CONVERSION = YES;
				CLANG_WARN_OBJC_IMPLICIT_RETAIN_SELF = YES;
				CLANG_WARN_OBJC_LITERAL_CONVERSION = YES;
				CLANG_WARN_OBJC_ROOT_CLASS = YES_ERROR;
				CLANG_WARN_QUOTED_INCLUDE_IN_FRAMEWORK_HEADER = YES;
				CLANG_WARN_RANGE_LOOP_ANALYSIS = YES;
				CLANG_WARN_STRICT_PROTOTYPES = YES;
				CLANG_WARN_SUSPICIOUS_MOVE = YES;
				CLANG_WARN_UNGUARDED_AVAILABILITY = YES_AGGRESSIVE;
				CLANG_WARN_UNREACHABLE_CODE = YES;
				CLANG_WARN__DUPLICATE_METHOD_MATCH = YES;
				COPY_PHASE_STRIP = NO;
				DEBUG_INFORMATION_FORMAT = "dwarf-with-dsym";
				ENABLE_NS_ASSERTIONS = NO;
				ENABLE_STRICT_OBJC_MSGSEND = YES;
				GCC_C_LANGUAGE_STANDARD = gnu11;
				GCC_NO_COMMON_BLOCKS = YES;
				GCC_WARN_64_TO_32_BIT_CONVERSION = YES;
				GCC_WARN_ABOUT_RETURN_TYPE = YES_ERROR;
				GCC_WARN_UNDECLARED_SELECTOR = YES;
				GCC_WARN_UNINITIALIZED_AUTOS = YES_AGGRESSIVE;
				GCC_WARN_UNUSED_FUNCTION = YES;
				GCC_WARN_UNUSED_VARIABLE = YES;
				IPHONEOS_DEPLOYMENT_TARGET = 16.2;
				MTL_ENABLE_DEBUG_INFO = NO;
				MTL_FAST_MATH = YES;
				SDKROOT = iphoneos;
				SWIFT_COMPILATION_MODE = wholemodule;
				SWIFT_OPTIMIZATION_LEVEL = "-O";
				VALIDATE_PRODUCT = YES;
			};
			name = Release;
		};
		D8BD0FC12989A68D00AA5EA4 /* Debug */ = {
			isa = XCBuildConfiguration;
			buildSettings = {
				ASSETCATALOG_COMPILER_APPICON_NAME = AppIcon;
				ASSETCATALOG_COMPILER_GLOBAL_ACCENT_COLOR_NAME = AccentColor;
				CODE_SIGN_ENTITLEMENTS = "Journal - CloudKit/Journal - CloudKit.entitlements";
				CODE_SIGN_STYLE = Automatic;
				CURRENT_PROJECT_VERSION = 1;
				DEVELOPMENT_TEAM = 74AQA4M4HV;
				GENERATE_INFOPLIST_FILE = YES;
				INFOPLIST_FILE = "Journal - CloudKit/Resources/Info.plist";
				INFOPLIST_KEY_UIApplicationSupportsIndirectInputEvents = YES;
				INFOPLIST_KEY_UILaunchStoryboardName = LaunchScreen;
				INFOPLIST_KEY_UIMainStoryboardFile = Main;
				INFOPLIST_KEY_UISupportedInterfaceOrientations_iPad = "UIInterfaceOrientationPortrait UIInterfaceOrientationPortraitUpsideDown UIInterfaceOrientationLandscapeLeft UIInterfaceOrientationLandscapeRight";
				INFOPLIST_KEY_UISupportedInterfaceOrientations_iPhone = "UIInterfaceOrientationPortrait UIInterfaceOrientationLandscapeLeft UIInterfaceOrientationLandscapeRight";
				LD_RUNPATH_SEARCH_PATHS = (
					"$(inherited)",
					"@executable_path/Frameworks",
				);
				MARKETING_VERSION = 1.0;
				PRODUCT_BUNDLE_IDENTIFIER = com.DS.JournalCloudKit;
				PRODUCT_NAME = "$(TARGET_NAME)";
				SWIFT_EMIT_LOC_STRINGS = YES;
				SWIFT_VERSION = 5.0;
				TARGETED_DEVICE_FAMILY = "1,2";
			};
			name = Debug;
		};
		D8BD0FC22989A68D00AA5EA4 /* Release */ = {
			isa = XCBuildConfiguration;
			buildSettings = {
				ASSETCATALOG_COMPILER_APPICON_NAME = AppIcon;
				ASSETCATALOG_COMPILER_GLOBAL_ACCENT_COLOR_NAME = AccentColor;
				CODE_SIGN_ENTITLEMENTS = "Journal - CloudKit/Journal - CloudKit.entitlements";
				CODE_SIGN_STYLE = Automatic;
				CURRENT_PROJECT_VERSION = 1;
				DEVELOPMENT_TEAM = 74AQA4M4HV;
				GENERATE_INFOPLIST_FILE = YES;
				INFOPLIST_FILE = "Journal - CloudKit/Resources/Info.plist";
				INFOPLIST_KEY_UIApplicationSupportsIndirectInputEvents = YES;
				INFOPLIST_KEY_UILaunchStoryboardName = LaunchScreen;
				INFOPLIST_KEY_UIMainStoryboardFile = Main;
				INFOPLIST_KEY_UISupportedInterfaceOrientations_iPad = "UIInterfaceOrientationPortrait UIInterfaceOrientationPortraitUpsideDown UIInterfaceOrientationLandscapeLeft UIInterfaceOrientationLandscapeRight";
				INFOPLIST_KEY_UISupportedInterfaceOrientations_iPhone = "UIInterfaceOrientationPortrait UIInterfaceOrientationLandscapeLeft UIInterfaceOrientationLandscapeRight";
				LD_RUNPATH_SEARCH_PATHS = (
					"$(inherited)",
					"@executable_path/Frameworks",
				);
				MARKETING_VERSION = 1.0;
				PRODUCT_BUNDLE_IDENTIFIER = com.DS.JournalCloudKit;
				PRODUCT_NAME = "$(TARGET_NAME)";
				SWIFT_EMIT_LOC_STRINGS = YES;
				SWIFT_VERSION = 5.0;
				TARGETED_DEVICE_FAMILY = "1,2";
			};
			name = Release;
		};
/* End XCBuildConfiguration section */

/* Begin XCConfigurationList section */
		D8BD0FA72989A68B00AA5EA4 /* Build configuration list for PBXProject "Journal - CloudKit" */ = {
			isa = XCConfigurationList;
			buildConfigurations = (
				D8BD0FBE2989A68D00AA5EA4 /* Debug */,
				D8BD0FBF2989A68D00AA5EA4 /* Release */,
			);
			defaultConfigurationIsVisible = 0;
			defaultConfigurationName = Release;
		};
		D8BD0FC02989A68D00AA5EA4 /* Build configuration list for PBXNativeTarget "Journal - CloudKit" */ = {
			isa = XCConfigurationList;
			buildConfigurations = (
				D8BD0FC12989A68D00AA5EA4 /* Debug */,
				D8BD0FC22989A68D00AA5EA4 /* Release */,
			);
			defaultConfigurationIsVisible = 0;
			defaultConfigurationName = Release;
		};
/* End XCConfigurationList section */
	};
	rootObject = D8BD0FA42989A68B00AA5EA4 /* Project object */;
}
